// !$*UTF8*$!
{
	archiveVersion = 1;
	classes = {
	};
	objectVersion = 55;
	objects = {

/* Begin PBXBuildFile section */
		5DF983504FB33509599E1BCA /* Pods_Movies.framework in Frameworks */ = {isa = PBXBuildFile; fileRef = F6AEA911064911008C9D958E /* Pods_Movies.framework */; };
		C7018836281EAA4C00A9C456 /* MoviePreviewXibTableViewCell.xib in Resources */ = {isa = PBXBuildFile; fileRef = C7018835281EAA4C00A9C456 /* MoviePreviewXibTableViewCell.xib */; };
		C74759D8281F365800C4AF93 /* GenreModel.swift in Sources */ = {isa = PBXBuildFile; fileRef = C74759D7281F365800C4AF93 /* GenreModel.swift */; };
		C74759DA281F371C00C4AF93 /* GenerService.swift in Sources */ = {isa = PBXBuildFile; fileRef = C74759D9281F371C00C4AF93 /* GenerService.swift */; };
		C74759DC281F4C4000C4AF93 /* UIColorExtension.swift in Sources */ = {isa = PBXBuildFile; fileRef = C74759DB281F4C4000C4AF93 /* UIColorExtension.swift */; };
		C74759DE281F500000C4AF93 /* UIViewExtension.swift in Sources */ = {isa = PBXBuildFile; fileRef = C74759DD281F500000C4AF93 /* UIViewExtension.swift */; };
		C74759E0281F6B4500C4AF93 /* Typealias.swift in Sources */ = {isa = PBXBuildFile; fileRef = C74759DF281F6B4500C4AF93 /* Typealias.swift */; };
		C77A99912822926700F67EF2 /* UITableViewExntension.swift in Sources */ = {isa = PBXBuildFile; fileRef = C77A99902822926700F67EF2 /* UITableViewExntension.swift */; };
		C780B56D282997CD00090D2B /* MovieDetailModel.swift in Sources */ = {isa = PBXBuildFile; fileRef = C780B56C282997CD00090D2B /* MovieDetailModel.swift */; };
		C783DDF628208BCD00EFC16E /* UILabelExtension.swift in Sources */ = {isa = PBXBuildFile; fileRef = C783DDF528208BCD00EFC16E /* UILabelExtension.swift */; };
		C7A342972823DC240029AF24 /* ArrayExtension.swift in Sources */ = {isa = PBXBuildFile; fileRef = C7A342962823DC240029AF24 /* ArrayExtension.swift */; };
		C7B0C3EA2829B5AF00081736 /* MovieTrailerModel.swift in Sources */ = {isa = PBXBuildFile; fileRef = C7B0C3E92829B5AF00081736 /* MovieTrailerModel.swift */; };
		C7B0C3EC2829B5B700081736 /* NetworkMonitor.swift in Sources */ = {isa = PBXBuildFile; fileRef = C7B0C3EB2829B5B700081736 /* NetworkMonitor.swift */; };
		C7B0C3EE2829B6FC00081736 /* PosterFullScreenPresenter.swift in Sources */ = {isa = PBXBuildFile; fileRef = C7B0C3ED2829B6FC00081736 /* PosterFullScreenPresenter.swift */; };
		C7B0C3F02829B70400081736 /* PosterFullScreenViewController.swift in Sources */ = {isa = PBXBuildFile; fileRef = C7B0C3EF2829B70400081736 /* PosterFullScreenViewController.swift */; };
		C7B0C3F22829B70A00081736 /* File5.swift in Sources */ = {isa = PBXBuildFile; fileRef = C7B0C3F12829B70A00081736 /* File5.swift */; };
		C7BD9225281B17C100E186FD /* AppDelegate.swift in Sources */ = {isa = PBXBuildFile; fileRef = C7BD9224281B17C100E186FD /* AppDelegate.swift */; };
		C7BD9227281B17C100E186FD /* SceneDelegate.swift in Sources */ = {isa = PBXBuildFile; fileRef = C7BD9226281B17C100E186FD /* SceneDelegate.swift */; };
		C7BD9229281B17C100E186FD /* BaseViewController.swift in Sources */ = {isa = PBXBuildFile; fileRef = C7BD9228281B17C100E186FD /* BaseViewController.swift */; };
		C7BD922C281B17C100E186FD /* MovieList.storyboard in Resources */ = {isa = PBXBuildFile; fileRef = C7BD922A281B17C100E186FD /* MovieList.storyboard */; };
		C7BD922E281B17C300E186FD /* Assets.xcassets in Resources */ = {isa = PBXBuildFile; fileRef = C7BD922D281B17C300E186FD /* Assets.xcassets */; };
		C7BD9231281B17C300E186FD /* LaunchScreen.storyboard in Resources */ = {isa = PBXBuildFile; fileRef = C7BD922F281B17C300E186FD /* LaunchScreen.storyboard */; };
		C7BD9239281B353B00E186FD /* Router.swift in Sources */ = {isa = PBXBuildFile; fileRef = C7BD9238281B353B00E186FD /* Router.swift */; };
		C7BD923B281B355700E186FD /* StringExtension.swift in Sources */ = {isa = PBXBuildFile; fileRef = C7BD923A281B355700E186FD /* StringExtension.swift */; };
		C7BD923D281B356600E186FD /* CellRegister&DequeueReusableExtension.swift in Sources */ = {isa = PBXBuildFile; fileRef = C7BD923C281B356600E186FD /* CellRegister&DequeueReusableExtension.swift */; };
		C7BD923F281B357700E186FD /* AssemblyModelBuilder.swift in Sources */ = {isa = PBXBuildFile; fileRef = C7BD923E281B357700E186FD /* AssemblyModelBuilder.swift */; };
		C7BD9241281B358200E186FD /* MovieListViewController.swift in Sources */ = {isa = PBXBuildFile; fileRef = C7BD9240281B358200E186FD /* MovieListViewController.swift */; };
		C7BD9243281B358B00E186FD /* MovieListPresenter.swift in Sources */ = {isa = PBXBuildFile; fileRef = C7BD9242281B358B00E186FD /* MovieListPresenter.swift */; };
		C7BD9245281B359700E186FD /* BaseTableViewCell.swift in Sources */ = {isa = PBXBuildFile; fileRef = C7BD9244281B359700E186FD /* BaseTableViewCell.swift */; };
		C7BD9247281B35A200E186FD /* Endpoint.swift in Sources */ = {isa = PBXBuildFile; fileRef = C7BD9246281B35A200E186FD /* Endpoint.swift */; };
		C7BD9249281B35AB00E186FD /* NetworkService.swift in Sources */ = {isa = PBXBuildFile; fileRef = C7BD9248281B35AB00E186FD /* NetworkService.swift */; };
		C7BD924B281B35C800E186FD /* MovieDetailPresenter.swift in Sources */ = {isa = PBXBuildFile; fileRef = C7BD924A281B35C800E186FD /* MovieDetailPresenter.swift */; };
		C7BD924D281B35DD00E186FD /* MovieDetailViewController.swift in Sources */ = {isa = PBXBuildFile; fileRef = C7BD924C281B35DD00E186FD /* MovieDetailViewController.swift */; };
		C7BD924F281B361400E186FD /* PreviewMovieListModel.swift in Sources */ = {isa = PBXBuildFile; fileRef = C7BD924E281B361400E186FD /* PreviewMovieListModel.swift */; };
		C7BD9251281B362600E186FD /* MoviePreviewXibTableViewCell.swift in Sources */ = {isa = PBXBuildFile; fileRef = C7BD9250281B362600E186FD /* MoviePreviewXibTableViewCell.swift */; };
/* End PBXBuildFile section */

/* Begin PBXFileReference section */
		12527E03A8CDFCC53DC9413A /* Pods-Movies.debug.xcconfig */ = {isa = PBXFileReference; includeInIndex = 1; lastKnownFileType = text.xcconfig; name = "Pods-Movies.debug.xcconfig"; path = "Target Support Files/Pods-Movies/Pods-Movies.debug.xcconfig"; sourceTree = "<group>"; };
		C7018835281EAA4C00A9C456 /* MoviePreviewXibTableViewCell.xib */ = {isa = PBXFileReference; lastKnownFileType = file.xib; path = MoviePreviewXibTableViewCell.xib; sourceTree = "<group>"; };
		C74759D7281F365800C4AF93 /* GenreModel.swift */ = {isa = PBXFileReference; lastKnownFileType = sourcecode.swift; path = GenreModel.swift; sourceTree = "<group>"; };
		C74759D9281F371C00C4AF93 /* GenerService.swift */ = {isa = PBXFileReference; lastKnownFileType = sourcecode.swift; path = GenerService.swift; sourceTree = "<group>"; };
		C74759DB281F4C4000C4AF93 /* UIColorExtension.swift */ = {isa = PBXFileReference; lastKnownFileType = sourcecode.swift; path = UIColorExtension.swift; sourceTree = "<group>"; };
		C74759DD281F500000C4AF93 /* UIViewExtension.swift */ = {isa = PBXFileReference; lastKnownFileType = sourcecode.swift; path = UIViewExtension.swift; sourceTree = "<group>"; };
		C74759DF281F6B4500C4AF93 /* Typealias.swift */ = {isa = PBXFileReference; lastKnownFileType = sourcecode.swift; path = Typealias.swift; sourceTree = "<group>"; };
		C77A99902822926700F67EF2 /* UITableViewExntension.swift */ = {isa = PBXFileReference; lastKnownFileType = sourcecode.swift; path = UITableViewExntension.swift; sourceTree = "<group>"; };
		C780B56C282997CD00090D2B /* MovieDetailModel.swift */ = {isa = PBXFileReference; lastKnownFileType = sourcecode.swift; path = MovieDetailModel.swift; sourceTree = "<group>"; };
		C783DDF528208BCD00EFC16E /* UILabelExtension.swift */ = {isa = PBXFileReference; lastKnownFileType = sourcecode.swift; path = UILabelExtension.swift; sourceTree = "<group>"; };
		C7A342962823DC240029AF24 /* ArrayExtension.swift */ = {isa = PBXFileReference; lastKnownFileType = sourcecode.swift; path = ArrayExtension.swift; sourceTree = "<group>"; };
		C7B0C3E92829B5AF00081736 /* MovieTrailerModel.swift */ = {isa = PBXFileReference; lastKnownFileType = sourcecode.swift; path = MovieTrailerModel.swift; sourceTree = "<group>"; };
		C7B0C3EB2829B5B700081736 /* NetworkMonitor.swift */ = {isa = PBXFileReference; lastKnownFileType = sourcecode.swift; path = NetworkMonitor.swift; sourceTree = "<group>"; };
		C7B0C3ED2829B6FC00081736 /* PosterFullScreenPresenter.swift */ = {isa = PBXFileReference; lastKnownFileType = sourcecode.swift; path = PosterFullScreenPresenter.swift; sourceTree = "<group>"; };
		C7B0C3EF2829B70400081736 /* PosterFullScreenViewController.swift */ = {isa = PBXFileReference; lastKnownFileType = sourcecode.swift; path = PosterFullScreenViewController.swift; sourceTree = "<group>"; };
		C7B0C3F12829B70A00081736 /* File5.swift */ = {isa = PBXFileReference; lastKnownFileType = sourcecode.swift; path = File5.swift; sourceTree = "<group>"; };
		C7BD9221281B17C100E186FD /* Movies.app */ = {isa = PBXFileReference; explicitFileType = wrapper.application; includeInIndex = 0; path = Movies.app; sourceTree = BUILT_PRODUCTS_DIR; };
		C7BD9224281B17C100E186FD /* AppDelegate.swift */ = {isa = PBXFileReference; lastKnownFileType = sourcecode.swift; path = AppDelegate.swift; sourceTree = "<group>"; };
		C7BD9226281B17C100E186FD /* SceneDelegate.swift */ = {isa = PBXFileReference; lastKnownFileType = sourcecode.swift; path = SceneDelegate.swift; sourceTree = "<group>"; };
		C7BD9228281B17C100E186FD /* BaseViewController.swift */ = {isa = PBXFileReference; lastKnownFileType = sourcecode.swift; path = BaseViewController.swift; sourceTree = "<group>"; };
		C7BD922B281B17C100E186FD /* Base */ = {isa = PBXFileReference; lastKnownFileType = file.storyboard; name = Base; path = Base.lproj/MovieList.storyboard; sourceTree = "<group>"; };
		C7BD922D281B17C300E186FD /* Assets.xcassets */ = {isa = PBXFileReference; lastKnownFileType = folder.assetcatalog; path = Assets.xcassets; sourceTree = "<group>"; };
		C7BD9230281B17C300E186FD /* Base */ = {isa = PBXFileReference; lastKnownFileType = file.storyboard; name = Base; path = Base.lproj/LaunchScreen.storyboard; sourceTree = "<group>"; };
		C7BD9232281B17C300E186FD /* Info.plist */ = {isa = PBXFileReference; lastKnownFileType = text.plist.xml; path = Info.plist; sourceTree = "<group>"; };
		C7BD9238281B353B00E186FD /* Router.swift */ = {isa = PBXFileReference; lastKnownFileType = sourcecode.swift; path = Router.swift; sourceTree = "<group>"; };
		C7BD923A281B355700E186FD /* StringExtension.swift */ = {isa = PBXFileReference; lastKnownFileType = sourcecode.swift; path = StringExtension.swift; sourceTree = "<group>"; };
		C7BD923C281B356600E186FD /* CellRegister&DequeueReusableExtension.swift */ = {isa = PBXFileReference; lastKnownFileType = sourcecode.swift; path = "CellRegister&DequeueReusableExtension.swift"; sourceTree = "<group>"; };
		C7BD923E281B357700E186FD /* AssemblyModelBuilder.swift */ = {isa = PBXFileReference; lastKnownFileType = sourcecode.swift; path = AssemblyModelBuilder.swift; sourceTree = "<group>"; };
		C7BD9240281B358200E186FD /* MovieListViewController.swift */ = {isa = PBXFileReference; lastKnownFileType = sourcecode.swift; path = MovieListViewController.swift; sourceTree = "<group>"; };
		C7BD9242281B358B00E186FD /* MovieListPresenter.swift */ = {isa = PBXFileReference; lastKnownFileType = sourcecode.swift; path = MovieListPresenter.swift; sourceTree = "<group>"; };
		C7BD9244281B359700E186FD /* BaseTableViewCell.swift */ = {isa = PBXFileReference; lastKnownFileType = sourcecode.swift; path = BaseTableViewCell.swift; sourceTree = "<group>"; };
		C7BD9246281B35A200E186FD /* Endpoint.swift */ = {isa = PBXFileReference; lastKnownFileType = sourcecode.swift; path = Endpoint.swift; sourceTree = "<group>"; };
		C7BD9248281B35AB00E186FD /* NetworkService.swift */ = {isa = PBXFileReference; lastKnownFileType = sourcecode.swift; path = NetworkService.swift; sourceTree = "<group>"; };
		C7BD924A281B35C800E186FD /* MovieDetailPresenter.swift */ = {isa = PBXFileReference; lastKnownFileType = sourcecode.swift; path = MovieDetailPresenter.swift; sourceTree = "<group>"; };
		C7BD924C281B35DD00E186FD /* MovieDetailViewController.swift */ = {isa = PBXFileReference; lastKnownFileType = sourcecode.swift; path = MovieDetailViewController.swift; sourceTree = "<group>"; };
		C7BD924E281B361400E186FD /* PreviewMovieListModel.swift */ = {isa = PBXFileReference; lastKnownFileType = sourcecode.swift; path = PreviewMovieListModel.swift; sourceTree = "<group>"; };
		C7BD9250281B362600E186FD /* MoviePreviewXibTableViewCell.swift */ = {isa = PBXFileReference; lastKnownFileType = sourcecode.swift; path = MoviePreviewXibTableViewCell.swift; sourceTree = "<group>"; };
		D7A8B7C381FFB4FF34F76F29 /* Pods-Movies.release.xcconfig */ = {isa = PBXFileReference; includeInIndex = 1; lastKnownFileType = text.xcconfig; name = "Pods-Movies.release.xcconfig"; path = "Target Support Files/Pods-Movies/Pods-Movies.release.xcconfig"; sourceTree = "<group>"; };
		F6AEA911064911008C9D958E /* Pods_Movies.framework */ = {isa = PBXFileReference; explicitFileType = wrapper.framework; includeInIndex = 0; path = Pods_Movies.framework; sourceTree = BUILT_PRODUCTS_DIR; };
/* End PBXFileReference section */

/* Begin PBXFrameworksBuildPhase section */
		C7BD921E281B17C100E186FD /* Frameworks */ = {
			isa = PBXFrameworksBuildPhase;
			buildActionMask = 2147483647;
			files = (
				5DF983504FB33509599E1BCA /* Pods_Movies.framework in Frameworks */,
			);
			runOnlyForDeploymentPostprocessing = 0;
		};
/* End PBXFrameworksBuildPhase section */

/* Begin PBXGroup section */
		88C1F57EB194343084E3DFD4 /* Pods */ = {
			isa = PBXGroup;
			children = (
				12527E03A8CDFCC53DC9413A /* Pods-Movies.debug.xcconfig */,
				D7A8B7C381FFB4FF34F76F29 /* Pods-Movies.release.xcconfig */,
			);
			path = Pods;
			sourceTree = "<group>";
		};
		C7018834281EA2FA00A9C456 /* View */ = {
			isa = PBXGroup;
			children = (
				C77434C1281E97B7004AA432 /* Storyboard */,
				C7BD9240281B358200E186FD /* MovieListViewController.swift */,
			);
			path = View;
			sourceTree = "<group>";
		};
		C77434B1281E9536004AA432 /* BaseComponents */ = {
			isa = PBXGroup;
			children = (
				C7BD9244281B359700E186FD /* BaseTableViewCell.swift */,
				C7BD9228281B17C100E186FD /* BaseViewController.swift */,
				C74759DF281F6B4500C4AF93 /* Typealias.swift */,
			);
			path = BaseComponents;
			sourceTree = "<group>";
		};
		C77434B2281E9550004AA432 /* App&SceneDelegate */ = {
			isa = PBXGroup;
			children = (
				C7BD9224281B17C100E186FD /* AppDelegate.swift */,
				C7BD9226281B17C100E186FD /* SceneDelegate.swift */,
			);
			path = "App&SceneDelegate";
			sourceTree = "<group>";
		};
		C77434B3281E9563004AA432 /* Router */ = {
			isa = PBXGroup;
			children = (
				C7BD9238281B353B00E186FD /* Router.swift */,
			);
			path = Router;
			sourceTree = "<group>";
		};
		C77434B4281E956C004AA432 /* AssemblyModelBuilder */ = {
			isa = PBXGroup;
			children = (
				C7BD923E281B357700E186FD /* AssemblyModelBuilder.swift */,
			);
			path = AssemblyModelBuilder;
			sourceTree = "<group>";
		};
		C77434B5281E9597004AA432 /* Extensions */ = {
			isa = PBXGroup;
			children = (
				C7BD923C281B356600E186FD /* CellRegister&DequeueReusableExtension.swift */,
				C7BD923A281B355700E186FD /* StringExtension.swift */,
				C74759DB281F4C4000C4AF93 /* UIColorExtension.swift */,
				C74759DD281F500000C4AF93 /* UIViewExtension.swift */,
				C783DDF528208BCD00EFC16E /* UILabelExtension.swift */,
				C77A99902822926700F67EF2 /* UITableViewExntension.swift */,
				C7A342962823DC240029AF24 /* ArrayExtension.swift */,
			);
			path = Extensions;
			sourceTree = "<group>";
		};
		C77434B6281E95A7004AA432 /* MovieList */ = {
			isa = PBXGroup;
			children = (
				C77434BA281E96E0004AA432 /* Model */,
				C77434BB281E96E4004AA432 /* View */,
				C77434BC281E96E9004AA432 /* Presenter */,
			);
			path = MovieList;
			sourceTree = "<group>";
		};
		C77434B7281E95BA004AA432 /* NetworkService */ = {
			isa = PBXGroup;
			children = (
				C7B0C3EB2829B5B700081736 /* NetworkMonitor.swift */,
				C7BD9248281B35AB00E186FD /* NetworkService.swift */,
				C7BD9246281B35A200E186FD /* Endpoint.swift */,
				C74759D9281F371C00C4AF93 /* GenerService.swift */,
			);
			path = NetworkService;
			sourceTree = "<group>";
		};
		C77434B8281E95C7004AA432 /* SupportingFiles */ = {
			isa = PBXGroup;
			children = (
				C7BD922D281B17C300E186FD /* Assets.xcassets */,
				C7BD922F281B17C300E186FD /* LaunchScreen.storyboard */,
				C7BD9232281B17C300E186FD /* Info.plist */,
			);
			path = SupportingFiles;
			sourceTree = "<group>";
		};
		C77434B9281E96D0004AA432 /* MovieDetail */ = {
			isa = PBXGroup;
			children = (
				C780B56B28298B6F00090D2B /* Model */,
				C77434BE281E9739004AA432 /* View */,
				C77434BD281E9730004AA432 /* Presenter */,
			);
			path = MovieDetail;
			sourceTree = "<group>";
		};
		C77434BA281E96E0004AA432 /* Model */ = {
			isa = PBXGroup;
			children = (
				C7BD924E281B361400E186FD /* PreviewMovieListModel.swift */,
				C74759D7281F365800C4AF93 /* GenreModel.swift */,
			);
			path = Model;
			sourceTree = "<group>";
		};
		C77434BB281E96E4004AA432 /* View */ = {
			isa = PBXGroup;
			children = (
				C77434C0281E979E004AA432 /* MoviePreviewCell */,
				C7018834281EA2FA00A9C456 /* View */,
			);
			path = View;
			sourceTree = "<group>";
		};
		C77434BC281E96E9004AA432 /* Presenter */ = {
			isa = PBXGroup;
			children = (
				C7BD9242281B358B00E186FD /* MovieListPresenter.swift */,
			);
			path = Presenter;
			sourceTree = "<group>";
		};
		C77434BD281E9730004AA432 /* Presenter */ = {
			isa = PBXGroup;
			children = (
				C7BD924A281B35C800E186FD /* MovieDetailPresenter.swift */,
			);
			path = Presenter;
			sourceTree = "<group>";
		};
		C77434BE281E9739004AA432 /* View */ = {
			isa = PBXGroup;
			children = (
				C7BD924C281B35DD00E186FD /* MovieDetailViewController.swift */,
			);
			path = View;
			sourceTree = "<group>";
		};
		C77434C0281E979E004AA432 /* MoviePreviewCell */ = {
			isa = PBXGroup;
			children = (
				C7BD9250281B362600E186FD /* MoviePreviewXibTableViewCell.swift */,
				C7018835281EAA4C00A9C456 /* MoviePreviewXibTableViewCell.xib */,
			);
			path = MoviePreviewCell;
			sourceTree = "<group>";
		};
		C77434C1281E97B7004AA432 /* Storyboard */ = {
			isa = PBXGroup;
			children = (
				C7BD922A281B17C100E186FD /* MovieList.storyboard */,
			);
			path = Storyboard;
			sourceTree = "<group>";
		};
		C780B56B28298B6F00090D2B /* Model */ = {
			isa = PBXGroup;
			children = (
				C780B56C282997CD00090D2B /* MovieDetailModel.swift */,
				C7B0C3E92829B5AF00081736 /* MovieTrailerModel.swift */,
				C7B0C3F12829B70A00081736 /* File5.swift */,
			);
			path = Model;
			sourceTree = "<group>";
		};
		C7B3D76128292D7700E77848 /* Modules */ = {
			isa = PBXGroup;
			children = (
				C7FFA9F4282AA380003EBFFF /* PosterFullScreen */,
				C77434B6281E95A7004AA432 /* MovieList */,
				C77434B9281E96D0004AA432 /* MovieDetail */,
			);
			path = Modules;
			sourceTree = "<group>";
		};
		C7BD9218281B17C100E186FD = {
			isa = PBXGroup;
			children = (
				C7BD9223281B17C100E186FD /* Movies */,
				C7BD9222281B17C100E186FD /* Products */,
				88C1F57EB194343084E3DFD4 /* Pods */,
				D4E14E423A11ED36B75C838D /* Frameworks */,
			);
			sourceTree = "<group>";
		};
		C7BD9222281B17C100E186FD /* Products */ = {
			isa = PBXGroup;
			children = (
				C7BD9221281B17C100E186FD /* Movies.app */,
			);
			name = Products;
			sourceTree = "<group>";
		};
		C7BD9223281B17C100E186FD /* Movies */ = {
			isa = PBXGroup;
			children = (
				C77434B2281E9550004AA432 /* App&SceneDelegate */,
				C77434B4281E956C004AA432 /* AssemblyModelBuilder */,
				C77434B1281E9536004AA432 /* BaseComponents */,
				C77434B5281E9597004AA432 /* Extensions */,
				C7B3D76128292D7700E77848 /* Modules */,
				C77434B7281E95BA004AA432 /* NetworkService */,
				C77434B3281E9563004AA432 /* Router */,
				C77434B8281E95C7004AA432 /* SupportingFiles */,
			);
			path = Movies;
			sourceTree = "<group>";
		};
		C7FFA9F4282AA380003EBFFF /* PosterFullScreen */ = {
			isa = PBXGroup;
			children = (
				C7FFA9F5282AA38D003EBFFF /* Model */,
				C7FFA9F6282AA392003EBFFF /* View */,
				C7FFA9F7282AA397003EBFFF /* Presenter */,
			);
			path = PosterFullScreen;
			sourceTree = "<group>";
		};
		C7FFA9F5282AA38D003EBFFF /* Model */ = {
			isa = PBXGroup;
			children = (
			);
			path = Model;
			sourceTree = "<group>";
		};
		C7FFA9F6282AA392003EBFFF /* View */ = {
			isa = PBXGroup;
			children = (
				C7B0C3EF2829B70400081736 /* PosterFullScreenViewController.swift */,
			);
			path = View;
			sourceTree = "<group>";
		};
		C7FFA9F7282AA397003EBFFF /* Presenter */ = {
			isa = PBXGroup;
			children = (
				C7B0C3ED2829B6FC00081736 /* PosterFullScreenPresenter.swift */,
			);
			path = Presenter;
			sourceTree = "<group>";
		};
		D4E14E423A11ED36B75C838D /* Frameworks */ = {
			isa = PBXGroup;
			children = (
				F6AEA911064911008C9D958E /* Pods_Movies.framework */,
			);
			name = Frameworks;
			sourceTree = "<group>";
		};
/* End PBXGroup section */

/* Begin PBXNativeTarget section */
		C7BD9220281B17C100E186FD /* Movies */ = {
			isa = PBXNativeTarget;
			buildConfigurationList = C7BD9235281B17C300E186FD /* Build configuration list for PBXNativeTarget "Movies" */;
			buildPhases = (
				A2C035594C3B0A35F6377984 /* [CP] Check Pods Manifest.lock */,
				C7BD921D281B17C100E186FD /* Sources */,
				C7BD921E281B17C100E186FD /* Frameworks */,
				C7BD921F281B17C100E186FD /* Resources */,
				8971E95A9E92F15455DDFF50 /* [CP] Embed Pods Frameworks */,
			);
			buildRules = (
			);
			dependencies = (
			);
			name = Movies;
			productName = Movies;
			productReference = C7BD9221281B17C100E186FD /* Movies.app */;
			productType = "com.apple.product-type.application";
		};
/* End PBXNativeTarget section */

/* Begin PBXProject section */
		C7BD9219281B17C100E186FD /* Project object */ = {
			isa = PBXProject;
			attributes = {
				BuildIndependentTargetsInParallel = 1;
				LastSwiftUpdateCheck = 1310;
				LastUpgradeCheck = 1310;
				TargetAttributes = {
					C7BD9220281B17C100E186FD = {
						CreatedOnToolsVersion = 13.1;
					};
				};
			};
			buildConfigurationList = C7BD921C281B17C100E186FD /* Build configuration list for PBXProject "Movies" */;
			compatibilityVersion = "Xcode 13.0";
			developmentRegion = en;
			hasScannedForEncodings = 0;
			knownRegions = (
				en,
				Base,
			);
			mainGroup = C7BD9218281B17C100E186FD;
			productRefGroup = C7BD9222281B17C100E186FD /* Products */;
			projectDirPath = "";
			projectRoot = "";
			targets = (
				C7BD9220281B17C100E186FD /* Movies */,
			);
		};
/* End PBXProject section */

/* Begin PBXResourcesBuildPhase section */
		C7BD921F281B17C100E186FD /* Resources */ = {
			isa = PBXResourcesBuildPhase;
			buildActionMask = 2147483647;
			files = (
				C7BD9231281B17C300E186FD /* LaunchScreen.storyboard in Resources */,
				C7BD922E281B17C300E186FD /* Assets.xcassets in Resources */,
				C7018836281EAA4C00A9C456 /* MoviePreviewXibTableViewCell.xib in Resources */,
				C7BD922C281B17C100E186FD /* MovieList.storyboard in Resources */,
			);
			runOnlyForDeploymentPostprocessing = 0;
		};
/* End PBXResourcesBuildPhase section */

/* Begin PBXShellScriptBuildPhase section */
		8971E95A9E92F15455DDFF50 /* [CP] Embed Pods Frameworks */ = {
			isa = PBXShellScriptBuildPhase;
			buildActionMask = 2147483647;
			files = (
			);
			inputFileListPaths = (
				"${PODS_ROOT}/Target Support Files/Pods-Movies/Pods-Movies-frameworks-${CONFIGURATION}-input-files.xcfilelist",
			);
			name = "[CP] Embed Pods Frameworks";
			outputFileListPaths = (
				"${PODS_ROOT}/Target Support Files/Pods-Movies/Pods-Movies-frameworks-${CONFIGURATION}-output-files.xcfilelist",
			);
			runOnlyForDeploymentPostprocessing = 0;
			shellPath = /bin/sh;
			shellScript = "\"${PODS_ROOT}/Target Support Files/Pods-Movies/Pods-Movies-frameworks.sh\"\n";
			showEnvVarsInLog = 0;
		};
		A2C035594C3B0A35F6377984 /* [CP] Check Pods Manifest.lock */ = {
			isa = PBXShellScriptBuildPhase;
			buildActionMask = 2147483647;
			files = (
			);
			inputFileListPaths = (
			);
			inputPaths = (
				"${PODS_PODFILE_DIR_PATH}/Podfile.lock",
				"${PODS_ROOT}/Manifest.lock",
			);
			name = "[CP] Check Pods Manifest.lock";
			outputFileListPaths = (
			);
			outputPaths = (
				"$(DERIVED_FILE_DIR)/Pods-Movies-checkManifestLockResult.txt",
			);
			runOnlyForDeploymentPostprocessing = 0;
			shellPath = /bin/sh;
			shellScript = "diff \"${PODS_PODFILE_DIR_PATH}/Podfile.lock\" \"${PODS_ROOT}/Manifest.lock\" > /dev/null\nif [ $? != 0 ] ; then\n    # print error to STDERR\n    echo \"error: The sandbox is not in sync with the Podfile.lock. Run 'pod install' or update your CocoaPods installation.\" >&2\n    exit 1\nfi\n# This output is used by Xcode 'outputs' to avoid re-running this script phase.\necho \"SUCCESS\" > \"${SCRIPT_OUTPUT_FILE_0}\"\n";
			showEnvVarsInLog = 0;
		};
/* End PBXShellScriptBuildPhase section */

/* Begin PBXSourcesBuildPhase section */
		C7BD921D281B17C100E186FD /* Sources */ = {
			isa = PBXSourcesBuildPhase;
			buildActionMask = 2147483647;
			files = (
				C7BD9247281B35A200E186FD /* Endpoint.swift in Sources */,
				C7B0C3EE2829B6FC00081736 /* PosterFullScreenPresenter.swift in Sources */,
				C7BD924D281B35DD00E186FD /* MovieDetailViewController.swift in Sources */,
				C7BD923D281B356600E186FD /* CellRegister&DequeueReusableExtension.swift in Sources */,
				C7A342972823DC240029AF24 /* ArrayExtension.swift in Sources */,
				C7BD9243281B358B00E186FD /* MovieListPresenter.swift in Sources */,
				C77A99912822926700F67EF2 /* UITableViewExntension.swift in Sources */,
				C7B0C3F22829B70A00081736 /* File5.swift in Sources */,
				C74759DC281F4C4000C4AF93 /* UIColorExtension.swift in Sources */,
				C7B0C3F02829B70400081736 /* PosterFullScreenViewController.swift in Sources */,
				C7BD923B281B355700E186FD /* StringExtension.swift in Sources */,
				C7BD9251281B362600E186FD /* MoviePreviewXibTableViewCell.swift in Sources */,
				C7BD924B281B35C800E186FD /* MovieDetailPresenter.swift in Sources */,
				C74759D8281F365800C4AF93 /* GenreModel.swift in Sources */,
				C7BD9249281B35AB00E186FD /* NetworkService.swift in Sources */,
				C74759DE281F500000C4AF93 /* UIViewExtension.swift in Sources */,
				C7BD9239281B353B00E186FD /* Router.swift in Sources */,
				C7BD924F281B361400E186FD /* PreviewMovieListModel.swift in Sources */,
				C74759E0281F6B4500C4AF93 /* Typealias.swift in Sources */,
				C7BD9229281B17C100E186FD /* BaseViewController.swift in Sources */,
				C7BD9241281B358200E186FD /* MovieListViewController.swift in Sources */,
				C74759DA281F371C00C4AF93 /* GenerService.swift in Sources */,
				C7BD923F281B357700E186FD /* AssemblyModelBuilder.swift in Sources */,
				C7BD9225281B17C100E186FD /* AppDelegate.swift in Sources */,
				C7BD9227281B17C100E186FD /* SceneDelegate.swift in Sources */,
				C7B0C3EC2829B5B700081736 /* NetworkMonitor.swift in Sources */,
				C783DDF628208BCD00EFC16E /* UILabelExtension.swift in Sources */,
				C7B0C3EA2829B5AF00081736 /* MovieTrailerModel.swift in Sources */,
				C7BD9245281B359700E186FD /* BaseTableViewCell.swift in Sources */,
				C780B56D282997CD00090D2B /* MovieDetailModel.swift in Sources */,
			);
			runOnlyForDeploymentPostprocessing = 0;
		};
/* End PBXSourcesBuildPhase section */

/* Begin PBXVariantGroup section */
		C7BD922A281B17C100E186FD /* MovieList.storyboard */ = {
			isa = PBXVariantGroup;
			children = (
				C7BD922B281B17C100E186FD /* Base */,
			);
			name = MovieList.storyboard;
			sourceTree = "<group>";
		};
		C7BD922F281B17C300E186FD /* LaunchScreen.storyboard */ = {
			isa = PBXVariantGroup;
			children = (
				C7BD9230281B17C300E186FD /* Base */,
			);
			name = LaunchScreen.storyboard;
			sourceTree = "<group>";
		};
/* End PBXVariantGroup section */

/* Begin XCBuildConfiguration section */
		C7BD9233281B17C300E186FD /* Debug */ = {
			isa = XCBuildConfiguration;
			buildSettings = {
				ALWAYS_SEARCH_USER_PATHS = NO;
				CLANG_ANALYZER_NONNULL = YES;
				CLANG_ANALYZER_NUMBER_OBJECT_CONVERSION = YES_AGGRESSIVE;
				CLANG_CXX_LANGUAGE_STANDARD = "gnu++17";
				CLANG_CXX_LIBRARY = "libc++";
				CLANG_ENABLE_MODULES = YES;
				CLANG_ENABLE_OBJC_ARC = YES;
				CLANG_ENABLE_OBJC_WEAK = YES;
				CLANG_WARN_BLOCK_CAPTURE_AUTORELEASING = YES;
				CLANG_WARN_BOOL_CONVERSION = YES;
				CLANG_WARN_COMMA = YES;
				CLANG_WARN_CONSTANT_CONVERSION = YES;
				CLANG_WARN_DEPRECATED_OBJC_IMPLEMENTATIONS = YES;
				CLANG_WARN_DIRECT_OBJC_ISA_USAGE = YES_ERROR;
				CLANG_WARN_DOCUMENTATION_COMMENTS = YES;
				CLANG_WARN_EMPTY_BODY = YES;
				CLANG_WARN_ENUM_CONVERSION = YES;
				CLANG_WARN_INFINITE_RECURSION = YES;
				CLANG_WARN_INT_CONVERSION = YES;
				CLANG_WARN_NON_LITERAL_NULL_CONVERSION = YES;
				CLANG_WARN_OBJC_IMPLICIT_RETAIN_SELF = YES;
				CLANG_WARN_OBJC_LITERAL_CONVERSION = YES;
				CLANG_WARN_OBJC_ROOT_CLASS = YES_ERROR;
				CLANG_WARN_QUOTED_INCLUDE_IN_FRAMEWORK_HEADER = YES;
				CLANG_WARN_RANGE_LOOP_ANALYSIS = YES;
				CLANG_WARN_STRICT_PROTOTYPES = YES;
				CLANG_WARN_SUSPICIOUS_MOVE = YES;
				CLANG_WARN_UNGUARDED_AVAILABILITY = YES_AGGRESSIVE;
				CLANG_WARN_UNREACHABLE_CODE = YES;
				CLANG_WARN__DUPLICATE_METHOD_MATCH = YES;
				COPY_PHASE_STRIP = NO;
				DEBUG_INFORMATION_FORMAT = dwarf;
				ENABLE_STRICT_OBJC_MSGSEND = YES;
				ENABLE_TESTABILITY = YES;
				GCC_C_LANGUAGE_STANDARD = gnu11;
				GCC_DYNAMIC_NO_PIC = NO;
				GCC_NO_COMMON_BLOCKS = YES;
				GCC_OPTIMIZATION_LEVEL = 0;
				GCC_PREPROCESSOR_DEFINITIONS = (
					"DEBUG=1",
					"$(inherited)",
				);
				GCC_WARN_64_TO_32_BIT_CONVERSION = YES;
				GCC_WARN_ABOUT_RETURN_TYPE = YES_ERROR;
				GCC_WARN_UNDECLARED_SELECTOR = YES;
				GCC_WARN_UNINITIALIZED_AUTOS = YES_AGGRESSIVE;
				GCC_WARN_UNUSED_FUNCTION = YES;
				GCC_WARN_UNUSED_VARIABLE = YES;
				IPHONEOS_DEPLOYMENT_TARGET = 14.0;
				MTL_ENABLE_DEBUG_INFO = INCLUDE_SOURCE;
				MTL_FAST_MATH = YES;
				ONLY_ACTIVE_ARCH = YES;
				SDKROOT = iphoneos;
				SWIFT_ACTIVE_COMPILATION_CONDITIONS = DEBUG;
				SWIFT_OPTIMIZATION_LEVEL = "-Onone";
			};
			name = Debug;
		};
		C7BD9234281B17C300E186FD /* Release */ = {
			isa = XCBuildConfiguration;
			buildSettings = {
				ALWAYS_SEARCH_USER_PATHS = NO;
				CLANG_ANALYZER_NONNULL = YES;
				CLANG_ANALYZER_NUMBER_OBJECT_CONVERSION = YES_AGGRESSIVE;
				CLANG_CXX_LANGUAGE_STANDARD = "gnu++17";
				CLANG_CXX_LIBRARY = "libc++";
				CLANG_ENABLE_MODULES = YES;
				CLANG_ENABLE_OBJC_ARC = YES;
				CLANG_ENABLE_OBJC_WEAK = YES;
				CLANG_WARN_BLOCK_CAPTURE_AUTORELEASING = YES;
				CLANG_WARN_BOOL_CONVERSION = YES;
				CLANG_WARN_COMMA = YES;
				CLANG_WARN_CONSTANT_CONVERSION = YES;
				CLANG_WARN_DEPRECATED_OBJC_IMPLEMENTATIONS = YES;
				CLANG_WARN_DIRECT_OBJC_ISA_USAGE = YES_ERROR;
				CLANG_WARN_DOCUMENTATION_COMMENTS = YES;
				CLANG_WARN_EMPTY_BODY = YES;
				CLANG_WARN_ENUM_CONVERSION = YES;
				CLANG_WARN_INFINITE_RECURSION = YES;
				CLANG_WARN_INT_CONVERSION = YES;
				CLANG_WARN_NON_LITERAL_NULL_CONVERSION = YES;
				CLANG_WARN_OBJC_IMPLICIT_RETAIN_SELF = YES;
				CLANG_WARN_OBJC_LITERAL_CONVERSION = YES;
				CLANG_WARN_OBJC_ROOT_CLASS = YES_ERROR;
				CLANG_WARN_QUOTED_INCLUDE_IN_FRAMEWORK_HEADER = YES;
				CLANG_WARN_RANGE_LOOP_ANALYSIS = YES;
				CLANG_WARN_STRICT_PROTOTYPES = YES;
				CLANG_WARN_SUSPICIOUS_MOVE = YES;
				CLANG_WARN_UNGUARDED_AVAILABILITY = YES_AGGRESSIVE;
				CLANG_WARN_UNREACHABLE_CODE = YES;
				CLANG_WARN__DUPLICATE_METHOD_MATCH = YES;
				COPY_PHASE_STRIP = NO;
				DEBUG_INFORMATION_FORMAT = "dwarf-with-dsym";
				ENABLE_NS_ASSERTIONS = NO;
				ENABLE_STRICT_OBJC_MSGSEND = YES;
				GCC_C_LANGUAGE_STANDARD = gnu11;
				GCC_NO_COMMON_BLOCKS = YES;
				GCC_WARN_64_TO_32_BIT_CONVERSION = YES;
				GCC_WARN_ABOUT_RETURN_TYPE = YES_ERROR;
				GCC_WARN_UNDECLARED_SELECTOR = YES;
				GCC_WARN_UNINITIALIZED_AUTOS = YES_AGGRESSIVE;
				GCC_WARN_UNUSED_FUNCTION = YES;
				GCC_WARN_UNUSED_VARIABLE = YES;
				IPHONEOS_DEPLOYMENT_TARGET = 14.0;
				MTL_ENABLE_DEBUG_INFO = NO;
				MTL_FAST_MATH = YES;
				SDKROOT = iphoneos;
				SWIFT_COMPILATION_MODE = wholemodule;
				SWIFT_OPTIMIZATION_LEVEL = "-O";
				VALIDATE_PRODUCT = YES;
			};
			name = Release;
		};
		C7BD9236281B17C300E186FD /* Debug */ = {
			isa = XCBuildConfiguration;
			baseConfigurationReference = 12527E03A8CDFCC53DC9413A /* Pods-Movies.debug.xcconfig */;
			buildSettings = {
				ASSETCATALOG_COMPILER_APPICON_NAME = AppIcon;
				ASSETCATALOG_COMPILER_GLOBAL_ACCENT_COLOR_NAME = AccentColor;
				CODE_SIGN_STYLE = Automatic;
				CURRENT_PROJECT_VERSION = 1;
				DEVELOPMENT_TEAM = SMZH48C953;
				GENERATE_INFOPLIST_FILE = YES;
				INFOPLIST_FILE = Movies/SupportingFiles/Info.plist;
				INFOPLIST_KEY_UIApplicationSupportsIndirectInputEvents = YES;
				INFOPLIST_KEY_UILaunchStoryboardName = LaunchScreen;
				INFOPLIST_KEY_UIMainStoryboardFile = MovieList;
				INFOPLIST_KEY_UISupportedInterfaceOrientations_iPad = "UIInterfaceOrientationPortrait UIInterfaceOrientationPortraitUpsideDown UIInterfaceOrientationLandscapeLeft UIInterfaceOrientationLandscapeRight";
				INFOPLIST_KEY_UISupportedInterfaceOrientations_iPhone = "UIInterfaceOrientationPortrait UIInterfaceOrientationLandscapeLeft UIInterfaceOrientationLandscapeRight";
				LD_RUNPATH_SEARCH_PATHS = (
					"$(inherited)",
					"@executable_path/Frameworks",
				);
				MARKETING_VERSION = 1.0;
				PRODUCT_BUNDLE_IDENTIFIER = "Danylo-Klymov.Movies";
				PRODUCT_NAME = "$(TARGET_NAME)";
				SWIFT_EMIT_LOC_STRINGS = YES;
				SWIFT_VERSION = 5.0;
				TARGETED_DEVICE_FAMILY = 1;
			};
			name = Debug;
		};
		C7BD9237281B17C300E186FD /* Release */ = {
			isa = XCBuildConfiguration;
			baseConfigurationReference = D7A8B7C381FFB4FF34F76F29 /* Pods-Movies.release.xcconfig */;
			buildSettings = {
				ASSETCATALOG_COMPILER_APPICON_NAME = AppIcon;
				ASSETCATALOG_COMPILER_GLOBAL_ACCENT_COLOR_NAME = AccentColor;
				CODE_SIGN_STYLE = Automatic;
				CURRENT_PROJECT_VERSION = 1;
				DEVELOPMENT_TEAM = SMZH48C953;
				GENERATE_INFOPLIST_FILE = YES;
				INFOPLIST_FILE = Movies/SupportingFiles/Info.plist;
				INFOPLIST_KEY_UIApplicationSupportsIndirectInputEvents = YES;
				INFOPLIST_KEY_UILaunchStoryboardName = LaunchScreen;
				INFOPLIST_KEY_UIMainStoryboardFile = MovieList;
				INFOPLIST_KEY_UISupportedInterfaceOrientations_iPad = "UIInterfaceOrientationPortrait UIInterfaceOrientationPortraitUpsideDown UIInterfaceOrientationLandscapeLeft UIInterfaceOrientationLandscapeRight";
				INFOPLIST_KEY_UISupportedInterfaceOrientations_iPhone = "UIInterfaceOrientationPortrait UIInterfaceOrientationLandscapeLeft UIInterfaceOrientationLandscapeRight";
				LD_RUNPATH_SEARCH_PATHS = (
					"$(inherited)",
					"@executable_path/Frameworks",
				);
				MARKETING_VERSION = 1.0;
				PRODUCT_BUNDLE_IDENTIFIER = "Danylo-Klymov.Movies";
				PRODUCT_NAME = "$(TARGET_NAME)";
				SWIFT_EMIT_LOC_STRINGS = YES;
				SWIFT_VERSION = 5.0;
				TARGETED_DEVICE_FAMILY = 1;
			};
			name = Release;
		};
/* End XCBuildConfiguration section */

/* Begin XCConfigurationList section */
		C7BD921C281B17C100E186FD /* Build configuration list for PBXProject "Movies" */ = {
			isa = XCConfigurationList;
			buildConfigurations = (
				C7BD9233281B17C300E186FD /* Debug */,
				C7BD9234281B17C300E186FD /* Release */,
			);
			defaultConfigurationIsVisible = 0;
			defaultConfigurationName = Release;
		};
		C7BD9235281B17C300E186FD /* Build configuration list for PBXNativeTarget "Movies" */ = {
			isa = XCConfigurationList;
			buildConfigurations = (
				C7BD9236281B17C300E186FD /* Debug */,
				C7BD9237281B17C300E186FD /* Release */,
			);
			defaultConfigurationIsVisible = 0;
			defaultConfigurationName = Release;
		};
/* End XCConfigurationList section */
	};
	rootObject = C7BD9219281B17C100E186FD /* Project object */;
}
